// !$*UTF8*$!
{
	archiveVersion = 1;
	classes = {
	};
	objectVersion = 56;
	objects = {

/* Begin PBXBuildFile section */
		310EA8D22A92F55A00373318 /* ContentView.swift in Sources */ = {isa = PBXBuildFile; fileRef = 310EA8D12A92F55A00373318 /* ContentView.swift */; };
		310EA8D42A92F55B00373318 /* Assets.xcassets in Resources */ = {isa = PBXBuildFile; fileRef = 310EA8D32A92F55B00373318 /* Assets.xcassets */; };
		310EA8D72A92F55B00373318 /* Preview Assets.xcassets in Resources */ = {isa = PBXBuildFile; fileRef = 310EA8D62A92F55B00373318 /* Preview Assets.xcassets */; };
		310EA8E12A92F55B00373318 /* TODO_APPTests.swift in Sources */ = {isa = PBXBuildFile; fileRef = 310EA8E02A92F55B00373318 /* TODO_APPTests.swift */; };
		310EA8EB2A92F55B00373318 /* TODO_APPUITests.swift in Sources */ = {isa = PBXBuildFile; fileRef = 310EA8EA2A92F55B00373318 /* TODO_APPUITests.swift */; };
		310EA8ED2A92F55B00373318 /* TODO_APPUITestsLaunchTests.swift in Sources */ = {isa = PBXBuildFile; fileRef = 310EA8EC2A92F55B00373318 /* TODO_APPUITestsLaunchTests.swift */; };
		314B62262A93495900042949 /* TODO_APPApp.swift in Sources */ = {isa = PBXBuildFile; fileRef = 314B62252A93495900042949 /* TODO_APPApp.swift */; };
		317F9B992A92FFE8000B8706 /* DetailView.swift in Sources */ = {isa = PBXBuildFile; fileRef = 317F9B982A92FFE8000B8706 /* DetailView.swift */; };
/* End PBXBuildFile section */

/* Begin PBXContainerItemProxy section */
		310EA8DD2A92F55B00373318 /* PBXContainerItemProxy */ = {
			isa = PBXContainerItemProxy;
			containerPortal = 310EA8C42A92F55A00373318 /* Project object */;
			proxyType = 1;
			remoteGlobalIDString = 310EA8CB2A92F55A00373318;
			remoteInfo = "TODO APP";
		};
		310EA8E72A92F55B00373318 /* PBXContainerItemProxy */ = {
			isa = PBXContainerItemProxy;
			containerPortal = 310EA8C42A92F55A00373318 /* Project object */;
			proxyType = 1;
			remoteGlobalIDString = 310EA8CB2A92F55A00373318;
			remoteInfo = "TODO APP";
		};
/* End PBXContainerItemProxy section */

/* Begin PBXFileReference section */
		310EA8CC2A92F55A00373318 /* TODO APP.app */ = {isa = PBXFileReference; explicitFileType = wrapper.application; includeInIndex = 0; path = "TODO APP.app"; sourceTree = BUILT_PRODUCTS_DIR; };
		310EA8D12A92F55A00373318 /* ContentView.swift */ = {isa = PBXFileReference; lastKnownFileType = sourcecode.swift; path = ContentView.swift; sourceTree = "<group>"; };
		310EA8D32A92F55B00373318 /* Assets.xcassets */ = {isa = PBXFileReference; lastKnownFileType = folder.assetcatalog; path = Assets.xcassets; sourceTree = "<group>"; };
		310EA8D62A92F55B00373318 /* Preview Assets.xcassets */ = {isa = PBXFileReference; lastKnownFileType = folder.assetcatalog; path = "Preview Assets.xcassets"; sourceTree = "<group>"; };
		310EA8DC2A92F55B00373318 /* TODO APPTests.xctest */ = {isa = PBXFileReference; explicitFileType = wrapper.cfbundle; includeInIndex = 0; path = "TODO APPTests.xctest"; sourceTree = BUILT_PRODUCTS_DIR; };
		310EA8E02A92F55B00373318 /* TODO_APPTests.swift */ = {isa = PBXFileReference; lastKnownFileType = sourcecode.swift; path = TODO_APPTests.swift; sourceTree = "<group>"; };
		310EA8E62A92F55B00373318 /* TODO APPUITests.xctest */ = {isa = PBXFileReference; explicitFileType = wrapper.cfbundle; includeInIndex = 0; path = "TODO APPUITests.xctest"; sourceTree = BUILT_PRODUCTS_DIR; };
		310EA8EA2A92F55B00373318 /* TODO_APPUITests.swift */ = {isa = PBXFileReference; lastKnownFileType = sourcecode.swift; path = TODO_APPUITests.swift; sourceTree = "<group>"; };
		310EA8EC2A92F55B00373318 /* TODO_APPUITestsLaunchTests.swift */ = {isa = PBXFileReference; lastKnownFileType = sourcecode.swift; path = TODO_APPUITestsLaunchTests.swift; sourceTree = "<group>"; };
		314B62252A93495900042949 /* TODO_APPApp.swift */ = {isa = PBXFileReference; lastKnownFileType = sourcecode.swift; path = TODO_APPApp.swift; sourceTree = "<group>"; };
		317F9B982A92FFE8000B8706 /* DetailView.swift */ = {isa = PBXFileReference; lastKnownFileType = sourcecode.swift; path = DetailView.swift; sourceTree = "<group>"; };
/* End PBXFileReference section */

/* Begin PBXFrameworksBuildPhase section */
		310EA8C92A92F55A00373318 /* Frameworks */ = {
			isa = PBXFrameworksBuildPhase;
			buildActionMask = 2147483647;
			files = (
			);
			runOnlyForDeploymentPostprocessing = 0;
		};
		310EA8D92A92F55B00373318 /* Frameworks */ = {
			isa = PBXFrameworksBuildPhase;
			buildActionMask = 2147483647;
			files = (
			);
			runOnlyForDeploymentPostprocessing = 0;
		};
		310EA8E32A92F55B00373318 /* Frameworks */ = {
			isa = PBXFrameworksBuildPhase;
			buildActionMask = 2147483647;
			files = (
			);
			runOnlyForDeploymentPostprocessing = 0;
		};
/* End PBXFrameworksBuildPhase section */

/* Begin PBXGroup section */
		310EA8C32A92F55A00373318 = {
			isa = PBXGroup;
			children = (
				310EA8CE2A92F55A00373318 /* TODO APP */,
				310EA8DF2A92F55B00373318 /* TODO APPTests */,
				310EA8E92A92F55B00373318 /* TODO APPUITests */,
				310EA8CD2A92F55A00373318 /* Products */,
			);
			sourceTree = "<group>";
		};
		310EA8CD2A92F55A00373318 /* Products */ = {
			isa = PBXGroup;
			children = (
				310EA8CC2A92F55A00373318 /* TODO APP.app */,
				310EA8DC2A92F55B00373318 /* TODO APPTests.xctest */,
				310EA8E62A92F55B00373318 /* TODO APPUITests.xctest */,
			);
			name = Products;
			sourceTree = "<group>";
		};
		310EA8CE2A92F55A00373318 /* TODO APP */ = {
			isa = PBXGroup;
			children = (
				314B62252A93495900042949 /* TODO_APPApp.swift */,
				310EA8D12A92F55A00373318 /* ContentView.swift */,
				317F9B982A92FFE8000B8706 /* DetailView.swift */,
				310EA8D32A92F55B00373318 /* Assets.xcassets */,
				310EA8D52A92F55B00373318 /* Preview Content */,
			);
			path = "TODO APP";
			sourceTree = "<group>";
		};
		310EA8D52A92F55B00373318 /* Preview Content */ = {
			isa = PBXGroup;
			children = (
				310EA8D62A92F55B00373318 /* Preview Assets.xcassets */,
			);
			path = "Preview Content";
			sourceTree = "<group>";
		};
		310EA8DF2A92F55B00373318 /* TODO APPTests */ = {
			isa = PBXGroup;
			children = (
				310EA8E02A92F55B00373318 /* TODO_APPTests.swift */,
			);
			path = "TODO APPTests";
			sourceTree = "<group>";
		};
		310EA8E92A92F55B00373318 /* TODO APPUITests */ = {
			isa = PBXGroup;
			children = (
				310EA8EA2A92F55B00373318 /* TODO_APPUITests.swift */,
				310EA8EC2A92F55B00373318 /* TODO_APPUITestsLaunchTests.swift */,
			);
			path = "TODO APPUITests";
			sourceTree = "<group>";
		};
/* End PBXGroup section */

/* Begin PBXNativeTarget section */
		310EA8CB2A92F55A00373318 /* TODO APP */ = {
			isa = PBXNativeTarget;
			buildConfigurationList = 310EA8F02A92F55B00373318 /* Build configuration list for PBXNativeTarget "TODO APP" */;
			buildPhases = (
				310EA8C82A92F55A00373318 /* Sources */,
				310EA8C92A92F55A00373318 /* Frameworks */,
				310EA8CA2A92F55A00373318 /* Resources */,
			);
			buildRules = (
			);
			dependencies = (
			);
			name = "TODO APP";
			productName = "TODO APP";
			productReference = 310EA8CC2A92F55A00373318 /* TODO APP.app */;
			productType = "com.apple.product-type.application";
		};
		310EA8DB2A92F55B00373318 /* TODO APPTests */ = {
			isa = PBXNativeTarget;
			buildConfigurationList = 310EA8F32A92F55B00373318 /* Build configuration list for PBXNativeTarget "TODO APPTests" */;
			buildPhases = (
				310EA8D82A92F55B00373318 /* Sources */,
				310EA8D92A92F55B00373318 /* Frameworks */,
				310EA8DA2A92F55B00373318 /* Resources */,
			);
			buildRules = (
			);
			dependencies = (
				310EA8DE2A92F55B00373318 /* PBXTargetDependency */,
			);
			name = "TODO APPTests";
			productName = "TODO APPTests";
			productReference = 310EA8DC2A92F55B00373318 /* TODO APPTests.xctest */;
			productType = "com.apple.product-type.bundle.unit-test";
		};
		310EA8E52A92F55B00373318 /* TODO APPUITests */ = {
			isa = PBXNativeTarget;
			buildConfigurationList = 310EA8F62A92F55B00373318 /* Build configuration list for PBXNativeTarget "TODO APPUITests" */;
			buildPhases = (
				310EA8E22A92F55B00373318 /* Sources */,
				310EA8E32A92F55B00373318 /* Frameworks */,
				310EA8E42A92F55B00373318 /* Resources */,
			);
			buildRules = (
			);
			dependencies = (
				310EA8E82A92F55B00373318 /* PBXTargetDependency */,
			);
			name = "TODO APPUITests";
			productName = "TODO APPUITests";
			productReference = 310EA8E62A92F55B00373318 /* TODO APPUITests.xctest */;
			productType = "com.apple.product-type.bundle.ui-testing";
		};
/* End PBXNativeTarget section */

/* Begin PBXProject section */
		310EA8C42A92F55A00373318 /* Project object */ = {
			isa = PBXProject;
			attributes = {
				BuildIndependentTargetsInParallel = 1;
				LastSwiftUpdateCheck = 1430;
				LastUpgradeCheck = 1430;
				TargetAttributes = {
					310EA8CB2A92F55A00373318 = {
						CreatedOnToolsVersion = 14.3.1;
					};
					310EA8DB2A92F55B00373318 = {
						CreatedOnToolsVersion = 14.3.1;
						TestTargetID = 310EA8CB2A92F55A00373318;
					};
					310EA8E52A92F55B00373318 = {
						CreatedOnToolsVersion = 14.3.1;
						TestTargetID = 310EA8CB2A92F55A00373318;
					};
				};
			};
			buildConfigurationList = 310EA8C72A92F55A00373318 /* Build configuration list for PBXProject "TODO APP" */;
			compatibilityVersion = "Xcode 14.0";
			developmentRegion = en;
			hasScannedForEncodings = 0;
			knownRegions = (
				en,
				Base,
			);
			mainGroup = 310EA8C32A92F55A00373318;
			productRefGroup = 310EA8CD2A92F55A00373318 /* Products */;
			projectDirPath = "";
			projectRoot = "";
			targets = (
				310EA8CB2A92F55A00373318 /* TODO APP */,
				310EA8DB2A92F55B00373318 /* TODO APPTests */,
				310EA8E52A92F55B00373318 /* TODO APPUITests */,
			);
		};
/* End PBXProject section */

/* Begin PBXResourcesBuildPhase section */
		310EA8CA2A92F55A00373318 /* Resources */ = {
			isa = PBXResourcesBuildPhase;
			buildActionMask = 2147483647;
			files = (
				310EA8D72A92F55B00373318 /* Preview Assets.xcassets in Resources */,
				310EA8D42A92F55B00373318 /* Assets.xcassets in Resources */,
			);
			runOnlyForDeploymentPostprocessing = 0;
		};
		310EA8DA2A92F55B00373318 /* Resources */ = {
			isa = PBXResourcesBuildPhase;
			buildActionMask = 2147483647;
			files = (
			);
			runOnlyForDeploymentPostprocessing = 0;
		};
		310EA8E42A92F55B00373318 /* Resources */ = {
			isa = PBXResourcesBuildPhase;
			buildActionMask = 2147483647;
			files = (
			);
			runOnlyForDeploymentPostprocessing = 0;
		};
/* End PBXResourcesBuildPhase section */

/* Begin PBXSourcesBuildPhase section */
		310EA8C82A92F55A00373318 /* Sources */ = {
			isa = PBXSourcesBuildPhase;
			buildActionMask = 2147483647;
			files = (
				310EA8D22A92F55A00373318 /* ContentView.swift in Sources */,
				314B62262A93495900042949 /* TODO_APPApp.swift in Sources */,
				317F9B992A92FFE8000B8706 /* DetailView.swift in Sources */,
			);
			runOnlyForDeploymentPostprocessing = 0;
		};
		310EA8D82A92F55B00373318 /* Sources */ = {
			isa = PBXSourcesBuildPhase;
			buildActionMask = 2147483647;
			files = (
				310EA8E12A92F55B00373318 /* TODO_APPTests.swift in Sources */,
			);
			runOnlyForDeploymentPostprocessing = 0;
		};
		310EA8E22A92F55B00373318 /* Sources */ = {
			isa = PBXSourcesBuildPhase;
			buildActionMask = 2147483647;
			files = (
				310EA8ED2A92F55B00373318 /* TODO_APPUITestsLaunchTests.swift in Sources */,
				310EA8EB2A92F55B00373318 /* TODO_APPUITests.swift in Sources */,
			);
			runOnlyForDeploymentPostprocessing = 0;
		};
/* End PBXSourcesBuildPhase section */

/* Begin PBXTargetDependency section */
		310EA8DE2A92F55B00373318 /* PBXTargetDependency */ = {
			isa = PBXTargetDependency;
			target = 310EA8CB2A92F55A00373318 /* TODO APP */;
			targetProxy = 310EA8DD2A92F55B00373318 /* PBXContainerItemProxy */;
		};
		310EA8E82A92F55B00373318 /* PBXTargetDependency */ = {
			isa = PBXTargetDependency;
			target = 310EA8CB2A92F55A00373318 /* TODO APP */;
			targetProxy = 310EA8E72A92F55B00373318 /* PBXContainerItemProxy */;
		};
/* End PBXTargetDependency section */

/* Begin XCBuildConfiguration section */
		310EA8EE2A92F55B00373318 /* Debug */ = {
			isa = XCBuildConfiguration;
			buildSettings = {
				ALWAYS_SEARCH_USER_PATHS = NO;
				CLANG_ANALYZER_NONNULL = YES;
				CLANG_ANALYZER_NUMBER_OBJECT_CONVERSION = YES_AGGRESSIVE;
				CLANG_CXX_LANGUAGE_STANDARD = "gnu++20";
				CLANG_ENABLE_MODULES = YES;
				CLANG_ENABLE_OBJC_ARC = YES;
				CLANG_ENABLE_OBJC_WEAK = YES;
				CLANG_WARN_BLOCK_CAPTURE_AUTORELEASING = YES;
				CLANG_WARN_BOOL_CONVERSION = YES;
				CLANG_WARN_COMMA = YES;
				CLANG_WARN_CONSTANT_CONVERSION = YES;
				CLANG_WARN_DEPRECATED_OBJC_IMPLEMENTATIONS = YES;
				CLANG_WARN_DIRECT_OBJC_ISA_USAGE = YES_ERROR;
				CLANG_WARN_DOCUMENTATION_COMMENTS = YES;
				CLANG_WARN_EMPTY_BODY = YES;
				CLANG_WARN_ENUM_CONVERSION = YES;
				CLANG_WARN_INFINITE_RECURSION = YES;
				CLANG_WARN_INT_CONVERSION = YES;
				CLANG_WARN_NON_LITERAL_NULL_CONVERSION = YES;
				CLANG_WARN_OBJC_IMPLICIT_RETAIN_SELF = YES;
				CLANG_WARN_OBJC_LITERAL_CONVERSION = YES;
				CLANG_WARN_OBJC_ROOT_CLASS = YES_ERROR;
				CLANG_WARN_QUOTED_INCLUDE_IN_FRAMEWORK_HEADER = YES;
				CLANG_WARN_RANGE_LOOP_ANALYSIS = YES;
				CLANG_WARN_STRICT_PROTOTYPES = YES;
				CLANG_WARN_SUSPICIOUS_MOVE = YES;
				CLANG_WARN_UNGUARDED_AVAILABILITY = YES_AGGRESSIVE;
				CLANG_WARN_UNREACHABLE_CODE = YES;
				CLANG_WARN__DUPLICATE_METHOD_MATCH = YES;
				COPY_PHASE_STRIP = NO;
				DEBUG_INFORMATION_FORMAT = dwarf;
				ENABLE_STRICT_OBJC_MSGSEND = YES;
				ENABLE_TESTABILITY = YES;
				GCC_C_LANGUAGE_STANDARD = gnu11;
				GCC_DYNAMIC_NO_PIC = NO;
				GCC_NO_COMMON_BLOCKS = YES;
				GCC_OPTIMIZATION_LEVEL = 0;
				GCC_PREPROCESSOR_DEFINITIONS = (
					"DEBUG=1",
					"$(inherited)",
				);
				GCC_WARN_64_TO_32_BIT_CONVERSION = YES;
				GCC_WARN_ABOUT_RETURN_TYPE = YES_ERROR;
				GCC_WARN_UNDECLARED_SELECTOR = YES;
				GCC_WARN_UNINITIALIZED_AUTOS = YES_AGGRESSIVE;
				GCC_WARN_UNUSED_FUNCTION = YES;
				GCC_WARN_UNUSED_VARIABLE = YES;
				IPHONEOS_DEPLOYMENT_TARGET = 16.4;
				MTL_ENABLE_DEBUG_INFO = INCLUDE_SOURCE;
				MTL_FAST_MATH = YES;
				ONLY_ACTIVE_ARCH = YES;
				SDKROOT = iphoneos;
				SWIFT_ACTIVE_COMPILATION_CONDITIONS = DEBUG;
				SWIFT_OPTIMIZATION_LEVEL = "-Onone";
			};
			name = Debug;
		};
		310EA8EF2A92F55B00373318 /* Release */ = {
			isa = XCBuildConfiguration;
			buildSettings = {
				ALWAYS_SEARCH_USER_PATHS = NO;
				CLANG_ANALYZER_NONNULL = YES;
				CLANG_ANALYZER_NUMBER_OBJECT_CONVERSION = YES_AGGRESSIVE;
				CLANG_CXX_LANGUAGE_STANDARD = "gnu++20";
				CLANG_ENABLE_MODULES = YES;
				CLANG_ENABLE_OBJC_ARC = YES;
				CLANG_ENABLE_OBJC_WEAK = YES;
				CLANG_WARN_BLOCK_CAPTURE_AUTORELEASING = YES;
				CLANG_WARN_BOOL_CONVERSION = YES;
				CLANG_WARN_COMMA = YES;
				CLANG_WARN_CONSTANT_CONVERSION = YES;
				CLANG_WARN_DEPRECATED_OBJC_IMPLEMENTATIONS = YES;
				CLANG_WARN_DIRECT_OBJC_ISA_USAGE = YES_ERROR;
				CLANG_WARN_DOCUMENTATION_COMMENTS = YES;
				CLANG_WARN_EMPTY_BODY = YES;
				CLANG_WARN_ENUM_CONVERSION = YES;
				CLANG_WARN_INFINITE_RECURSION = YES;
				CLANG_WARN_INT_CONVERSION = YES;
				CLANG_WARN_NON_LITERAL_NULL_CONVERSION = YES;
				CLANG_WARN_OBJC_IMPLICIT_RETAIN_SELF = YES;
				CLANG_WARN_OBJC_LITERAL_CONVERSION = YES;
				CLANG_WARN_OBJC_ROOT_CLASS = YES_ERROR;
				CLANG_WARN_QUOTED_INCLUDE_IN_FRAMEWORK_HEADER = YES;
				CLANG_WARN_RANGE_LOOP_ANALYSIS = YES;
				CLANG_WARN_STRICT_PROTOTYPES = YES;
				CLANG_WARN_SUSPICIOUS_MOVE = YES;
				CLANG_WARN_UNGUARDED_AVAILABILITY = YES_AGGRESSIVE;
				CLANG_WARN_UNREACHABLE_CODE = YES;
				CLANG_WARN__DUPLICATE_METHOD_MATCH = YES;
				COPY_PHASE_STRIP = NO;
				DEBUG_INFORMATION_FORMAT = "dwarf-with-dsym";
				ENABLE_NS_ASSERTIONS = NO;
				ENABLE_STRICT_OBJC_MSGSEND = YES;
				GCC_C_LANGUAGE_STANDARD = gnu11;
				GCC_NO_COMMON_BLOCKS = YES;
				GCC_WARN_64_TO_32_BIT_CONVERSION = YES;
				GCC_WARN_ABOUT_RETURN_TYPE = YES_ERROR;
				GCC_WARN_UNDECLARED_SELECTOR = YES;
				GCC_WARN_UNINITIALIZED_AUTOS = YES_AGGRESSIVE;
				GCC_WARN_UNUSED_FUNCTION = YES;
				GCC_WARN_UNUSED_VARIABLE = YES;
				IPHONEOS_DEPLOYMENT_TARGET = 16.4;
				MTL_ENABLE_DEBUG_INFO = NO;
				MTL_FAST_MATH = YES;
				SDKROOT = iphoneos;
				SWIFT_COMPILATION_MODE = wholemodule;
				SWIFT_OPTIMIZATION_LEVEL = "-O";
				VALIDATE_PRODUCT = YES;
			};
			name = Release;
		};
		310EA8F12A92F55B00373318 /* Debug */ = {
			isa = XCBuildConfiguration;
			buildSettings = {
				ASSETCATALOG_COMPILER_APPICON_NAME = AppIcon;
				ASSETCATALOG_COMPILER_GLOBAL_ACCENT_COLOR_NAME = AccentColor;
				CODE_SIGN_STYLE = Automatic;
				CURRENT_PROJECT_VERSION = 1;
				DEVELOPMENT_ASSET_PATHS = "\"TODO APP/Preview Content\"";
				ENABLE_PREVIEWS = YES;
				GENERATE_INFOPLIST_FILE = YES;
				INFOPLIST_KEY_UIApplicationSceneManifest_Generation = YES;
				INFOPLIST_KEY_UIApplicationSupportsIndirectInputEvents = YES;
				INFOPLIST_KEY_UILaunchScreen_Generation = YES;
				INFOPLIST_KEY_UISupportedInterfaceOrientations_iPad = "UIInterfaceOrientationPortrait UIInterfaceOrientationPortraitUpsideDown UIInterfaceOrientationLandscapeLeft UIInterfaceOrientationLandscapeRight";
				INFOPLIST_KEY_UISupportedInterfaceOrientations_iPhone = "UIInterfaceOrientationPortrait UIInterfaceOrientationLandscapeLeft UIInterfaceOrientationLandscapeRight";
				LD_RUNPATH_SEARCH_PATHS = (
					"$(inherited)",
					"@executable_path/Frameworks",
				);
				MARKETING_VERSION = 1.0;
				PRODUCT_BUNDLE_IDENTIFIER = "meme.TODO-APP";
				PRODUCT_NAME = "$(TARGET_NAME)";
				SWIFT_EMIT_LOC_STRINGS = YES;
				SWIFT_VERSION = 5.0;
				TARGETED_DEVICE_FAMILY = "1,2";
			};
			name = Debug;
		};
		310EA8F22A92F55B00373318 /* Release */ = {
			isa = XCBuildConfiguration;
			buildSettings = {
				ASSETCATALOG_COMPILER_APPICON_NAME = AppIcon;
				ASSETCATALOG_COMPILER_GLOBAL_ACCENT_COLOR_NAME = AccentColor;
				CODE_SIGN_STYLE = Automatic;
				CURRENT_PROJECT_VERSION = 1;
				DEVELOPMENT_ASSET_PATHS = "\"TODO APP/Preview Content\"";
				ENABLE_PREVIEWS = YES;
				GENERATE_INFOPLIST_FILE = YES;
				INFOPLIST_KEY_UIApplicationSceneManifest_Generation = YES;
				INFOPLIST_KEY_UIApplicationSupportsIndirectInputEvents = YES;
				INFOPLIST_KEY_UILaunchScreen_Generation = YES;
				INFOPLIST_KEY_UISupportedInterfaceOrientations_iPad = "UIInterfaceOrientationPortrait UIInterfaceOrientationPortraitUpsideDown UIInterfaceOrientationLandscapeLeft UIInterfaceOrientationLandscapeRight";
				INFOPLIST_KEY_UISupportedInterfaceOrientations_iPhone = "UIInterfaceOrientationPortrait UIInterfaceOrientationLandscapeLeft UIInterfaceOrientationLandscapeRight";
				LD_RUNPATH_SEARCH_PATHS = (
					"$(inherited)",
					"@executable_path/Frameworks",
				);
				MARKETING_VERSION = 1.0;
				PRODUCT_BUNDLE_IDENTIFIER = "meme.TODO-APP";
				PRODUCT_NAME = "$(TARGET_NAME)";
				SWIFT_EMIT_LOC_STRINGS = YES;
				SWIFT_VERSION = 5.0;
				TARGETED_DEVICE_FAMILY = "1,2";
			};
			name = Release;
		};
		310EA8F42A92F55B00373318 /* Debug */ = {
			isa = XCBuildConfiguration;
			buildSettings = {
				ALWAYS_EMBED_SWIFT_STANDARD_LIBRARIES = YES;
				BUNDLE_LOADER = "$(TEST_HOST)";
				CODE_SIGN_STYLE = Automatic;
				CURRENT_PROJECT_VERSION = 1;
				GENERATE_INFOPLIST_FILE = YES;
				IPHONEOS_DEPLOYMENT_TARGET = 16.4;
				MARKETING_VERSION = 1.0;
				PRODUCT_BUNDLE_IDENTIFIER = "meme.TODO-APPTests";
				PRODUCT_NAME = "$(TARGET_NAME)";
				SWIFT_EMIT_LOC_STRINGS = NO;
				SWIFT_VERSION = 5.0;
				TARGETED_DEVICE_FAMILY = "1,2";
				TEST_HOST = "$(BUILT_PRODUCTS_DIR)/TODO APP.app/$(BUNDLE_EXECUTABLE_FOLDER_PATH)/TODO APP";
			};
			name = Debug;
		};
		310EA8F52A92F55B00373318 /* Release */ = {
			isa = XCBuildConfiguration;
			buildSettings = {
				ALWAYS_EMBED_SWIFT_STANDARD_LIBRARIES = YES;
				BUNDLE_LOADER = "$(TEST_HOST)";
				CODE_SIGN_STYLE = Automatic;
				CURRENT_PROJECT_VERSION = 1;
				GENERATE_INFOPLIST_FILE = YES;
				IPHONEOS_DEPLOYMENT_TARGET = 16.4;
				MARKETING_VERSION = 1.0;
				PRODUCT_BUNDLE_IDENTIFIER = "meme.TODO-APPTests";
				PRODUCT_NAME = "$(TARGET_NAME)";
				SWIFT_EMIT_LOC_STRINGS = NO;
				SWIFT_VERSION = 5.0;
				TARGETED_DEVICE_FAMILY = "1,2";
				TEST_HOST = "$(BUILT_PRODUCTS_DIR)/TODO APP.app/$(BUNDLE_EXECUTABLE_FOLDER_PATH)/TODO APP";
			};
			name = Release;
		};
		310EA8F72A92F55B00373318 /* Debug */ = {
			isa = XCBuildConfiguration;
			buildSettings = {
				ALWAYS_EMBED_SWIFT_STANDARD_LIBRARIES = YES;
				CODE_SIGN_STYLE = Automatic;
				CURRENT_PROJECT_VERSION = 1;
				GENERATE_INFOPLIST_FILE = YES;
				MARKETING_VERSION = 1.0;
				PRODUCT_BUNDLE_IDENTIFIER = "meme.TODO-APPUITests";
				PRODUCT_NAME = "$(TARGET_NAME)";
				SWIFT_EMIT_LOC_STRINGS = NO;
				SWIFT_VERSION = 5.0;
				TARGETED_DEVICE_FAMILY = "1,2";
				TEST_TARGET_NAME = "TODO APP";
			};
			name = Debug;
		};
		310EA8F82A92F55B00373318 /* Release */ = {
			isa = XCBuildConfiguration;
			buildSettings = {
				ALWAYS_EMBED_SWIFT_STANDARD_LIBRARIES = YES;
				CODE_SIGN_STYLE = Automatic;
				CURRENT_PROJECT_VERSION = 1;
				GENERATE_INFOPLIST_FILE = YES;
				MARKETING_VERSION = 1.0;
				PRODUCT_BUNDLE_IDENTIFIER = "meme.TODO-APPUITests";
				PRODUCT_NAME = "$(TARGET_NAME)";
				SWIFT_EMIT_LOC_STRINGS = NO;
				SWIFT_VERSION = 5.0;
				TARGETED_DEVICE_FAMILY = "1,2";
				TEST_TARGET_NAME = "TODO APP";
			};
			name = Release;
		};
/* End XCBuildConfiguration section */

/* Begin XCConfigurationList section */
		310EA8C72A92F55A00373318 /* Build configuration list for PBXProject "TODO APP" */ = {
			isa = XCConfigurationList;
			buildConfigurations = (
				310EA8EE2A92F55B00373318 /* Debug */,
				310EA8EF2A92F55B00373318 /* Release */,
			);
			defaultConfigurationIsVisible = 0;
			defaultConfigurationName = Release;
		};
		310EA8F02A92F55B00373318 /* Build configuration list for PBXNativeTarget "TODO APP" */ = {
			isa = XCConfigurationList;
			buildConfigurations = (
				310EA8F12A92F55B00373318 /* Debug */,
				310EA8F22A92F55B00373318 /* Release */,
			);
			defaultConfigurationIsVisible = 0;
			defaultConfigurationName = Release;
		};
		310EA8F32A92F55B00373318 /* Build configuration list for PBXNativeTarget "TODO APPTests" */ = {
			isa = XCConfigurationList;
			buildConfigurations = (
				310EA8F42A92F55B00373318 /* Debug */,
				310EA8F52A92F55B00373318 /* Release */,
			);
			defaultConfigurationIsVisible = 0;
			defaultConfigurationName = Release;
		};
		310EA8F62A92F55B00373318 /* Build configuration list for PBXNativeTarget "TODO APPUITests" */ = {
			isa = XCConfigurationList;
			buildConfigurations = (
				310EA8F72A92F55B00373318 /* Debug */,
				310EA8F82A92F55B00373318 /* Release */,
			);
			defaultConfigurationIsVisible = 0;
			defaultConfigurationName = Release;
		};
/* End XCConfigurationList section */
	};
	rootObject = 310EA8C42A92F55A00373318 /* Project object */;
}
